// !$*UTF8*$!
{
	archiveVersion = 1;
	classes = {
	};
	objectVersion = 77;
	objects = {

/* Begin PBXBuildFile section */
		23D836E34439CC0B0E10C4F5 /* GitSwitcherApp.swift in Sources */ = {isa = PBXBuildFile; fileRef = 6D943941CAE0C4033497CFF3 /* GitSwitcherApp.swift */; };
		5E476E353B404886EA404055 /* ContentView.swift in Sources */ = {isa = PBXBuildFile; fileRef = D299EC39AD9003973DF9EFAB /* ContentView.swift */; };
		8FEF806E45C17293AC8217F4 /* GHCLIService.swift in Sources */ = {isa = PBXBuildFile; fileRef = 5D7179F664243B712A427330 /* GHCLIService.swift */; };
		AB91D9DA6E37B93096F35F9D /* GHAccountParserTests.swift in Sources */ = {isa = PBXBuildFile; fileRef = 69F2AC054F1B156954295688 /* GHAccountParserTests.swift */; };
		C1207DE32DE6869A6F0BBC12 /* GHAccount.swift in Sources */ = {isa = PBXBuildFile; fileRef = BC5B9298BFA6F36B04496B21 /* GHAccount.swift */; };
		FD9EED614EBB3812EE2E7EAB /* Placeholder.swift in Sources */ = {isa = PBXBuildFile; fileRef = 6D551768CD9AA95C9C1CFE2F /* Placeholder.swift */; };
/* End PBXBuildFile section */

/* Begin PBXContainerItemProxy section */
		BAE97BF02692BFEA255CB10B /* PBXContainerItemProxy */ = {
			isa = PBXContainerItemProxy;
			containerPortal = 25C82301D352E2B68ECD9775 /* Project object */;
			proxyType = 1;
			remoteGlobalIDString = 1F1A4E03E823409F05B99B53;
			remoteInfo = GitSwitcher;
		};
/* End PBXContainerItemProxy section */

/* Begin PBXFileReference section */
		2C5AEA8859DFF794081A372A /* GitSwitcher.entitlements */ = {isa = PBXFileReference; lastKnownFileType = text.plist.entitlements; path = GitSwitcher.entitlements; sourceTree = "<group>"; };
		5D7179F664243B712A427330 /* GHCLIService.swift */ = {isa = PBXFileReference; lastKnownFileType = sourcecode.swift; path = GHCLIService.swift; sourceTree = "<group>"; };
		69F2AC054F1B156954295688 /* GHAccountParserTests.swift */ = {isa = PBXFileReference; lastKnownFileType = sourcecode.swift; path = GHAccountParserTests.swift; sourceTree = "<group>"; };
		6D551768CD9AA95C9C1CFE2F /* Placeholder.swift */ = {isa = PBXFileReference; lastKnownFileType = sourcecode.swift; path = Placeholder.swift; sourceTree = "<group>"; };
		6D943941CAE0C4033497CFF3 /* GitSwitcherApp.swift */ = {isa = PBXFileReference; lastKnownFileType = sourcecode.swift; path = GitSwitcherApp.swift; sourceTree = "<group>"; };
		BC5B9298BFA6F36B04496B21 /* GHAccount.swift */ = {isa = PBXFileReference; lastKnownFileType = sourcecode.swift; path = GHAccount.swift; sourceTree = "<group>"; };
		BD58ACA93514808B46466FAD /* Info.plist */ = {isa = PBXFileReference; lastKnownFileType = text.plist; path = Info.plist; sourceTree = "<group>"; };
		CC89059A4AF194ADA4F73DC1 /* GitSwitcherTests.xctest */ = {isa = PBXFileReference; explicitFileType = wrapper.cfbundle; includeInIndex = 0; path = GitSwitcherTests.xctest; sourceTree = BUILT_PRODUCTS_DIR; };
		D299EC39AD9003973DF9EFAB /* ContentView.swift */ = {isa = PBXFileReference; lastKnownFileType = sourcecode.swift; path = ContentView.swift; sourceTree = "<group>"; };
		F8F7D81F9F0284CDDC6307C2 /* GitSwitcher.app */ = {isa = PBXFileReference; explicitFileType = wrapper.application; includeInIndex = 0; path = GitSwitcher.app; sourceTree = BUILT_PRODUCTS_DIR; };
/* End PBXFileReference section */

/* Begin PBXGroup section */
		505FDE230B16C1FF839D6360 /* GitSwitcher */ = {
			isa = PBXGroup;
			children = (
				9B988D8D47A77012ED6AC27E /* App */,
				69C3A406115C906630D10BAA /* Models */,
				EAB7D11C5CE3B5F652D6BC00 /* Services */,
				585F4621159D70AD08AF219B /* Views */,
			);
			path = GitSwitcher;
			sourceTree = "<group>";
		};
		585F4621159D70AD08AF219B /* Views */ = {
			isa = PBXGroup;
			children = (
				D299EC39AD9003973DF9EFAB /* ContentView.swift */,
			);
			path = Views;
			sourceTree = "<group>";
		};
		658D0227A525667641111ED0 = {
			isa = PBXGroup;
			children = (
				505FDE230B16C1FF839D6360 /* GitSwitcher */,
				83C78ED591B56540703C2DD4 /* GitSwitcherTests */,
				EDA94DBCC53D5C23DE06BA51 /* Products */,
			);
			sourceTree = "<group>";
		};
		69C3A406115C906630D10BAA /* Models */ = {
			isa = PBXGroup;
			children = (
				BC5B9298BFA6F36B04496B21 /* GHAccount.swift */,
			);
			path = Models;
			sourceTree = "<group>";
		};
		83C78ED591B56540703C2DD4 /* GitSwitcherTests */ = {
			isa = PBXGroup;
			children = (
				69F2AC054F1B156954295688 /* GHAccountParserTests.swift */,
				6D551768CD9AA95C9C1CFE2F /* Placeholder.swift */,
			);
			path = GitSwitcherTests;
			sourceTree = "<group>";
		};
		9B988D8D47A77012ED6AC27E /* App */ = {
			isa = PBXGroup;
			children = (
				2C5AEA8859DFF794081A372A /* GitSwitcher.entitlements */,
				6D943941CAE0C4033497CFF3 /* GitSwitcherApp.swift */,
				BD58ACA93514808B46466FAD /* Info.plist */,
			);
			path = App;
			sourceTree = "<group>";
		};
		EAB7D11C5CE3B5F652D6BC00 /* Services */ = {
			isa = PBXGroup;
			children = (
				5D7179F664243B712A427330 /* GHCLIService.swift */,
			);
			path = Services;
			sourceTree = "<group>";
		};
		EDA94DBCC53D5C23DE06BA51 /* Products */ = {
			isa = PBXGroup;
			children = (
				F8F7D81F9F0284CDDC6307C2 /* GitSwitcher.app */,
				CC89059A4AF194ADA4F73DC1 /* GitSwitcherTests.xctest */,
			);
			name = Products;
			sourceTree = "<group>";
		};
/* End PBXGroup section */

/* Begin PBXNativeTarget section */
		1F1A4E03E823409F05B99B53 /* GitSwitcher */ = {
			isa = PBXNativeTarget;
			buildConfigurationList = CC37D8DD480519345CB2D7BF /* Build configuration list for PBXNativeTarget "GitSwitcher" */;
			buildPhases = (
				C624A3572B27FD6615A9A7BE /* Sources */,
			);
			buildRules = (
			);
			dependencies = (
			);
			name = GitSwitcher;
			packageProductDependencies = (
			);
			productName = GitSwitcher;
			productReference = F8F7D81F9F0284CDDC6307C2 /* GitSwitcher.app */;
			productType = "com.apple.product-type.application";
		};
		EF1B088CC4B76D68C04151B2 /* GitSwitcherTests */ = {
			isa = PBXNativeTarget;
			buildConfigurationList = B13D356CC5A99E09A0B03AF9 /* Build configuration list for PBXNativeTarget "GitSwitcherTests" */;
			buildPhases = (
				7ED071EA880A96F2B7C7F4B9 /* Sources */,
			);
			buildRules = (
			);
			dependencies = (
				098F1B4615BDC526146BF7F0 /* PBXTargetDependency */,
			);
			name = GitSwitcherTests;
			packageProductDependencies = (
			);
			productName = GitSwitcherTests;
			productReference = CC89059A4AF194ADA4F73DC1 /* GitSwitcherTests.xctest */;
			productType = "com.apple.product-type.bundle.unit-test";
		};
/* End PBXNativeTarget section */

/* Begin PBXProject section */
		25C82301D352E2B68ECD9775 /* Project object */ = {
			isa = PBXProject;
			attributes = {
				BuildIndependentTargetsInParallel = YES;
				LastUpgradeCheck = 1500;
			};
			buildConfigurationList = 49DA50D2E0E5A2E4CA612294 /* Build configuration list for PBXProject "GitSwitcher" */;
			compatibilityVersion = "Xcode 14.0";
			developmentRegion = en;
			hasScannedForEncodings = 0;
			knownRegions = (
				Base,
				en,
			);
			mainGroup = 658D0227A525667641111ED0;
			minimizedProjectReferenceProxies = 1;
			preferredProjectObjectVersion = 77;
			projectDirPath = "";
			projectRoot = "";
			targets = (
				1F1A4E03E823409F05B99B53 /* GitSwitcher */,
				EF1B088CC4B76D68C04151B2 /* GitSwitcherTests */,
			);
		};
/* End PBXProject section */

/* Begin PBXSourcesBuildPhase section */
		7ED071EA880A96F2B7C7F4B9 /* Sources */ = {
			isa = PBXSourcesBuildPhase;
			buildActionMask = 2147483647;
			files = (
				AB91D9DA6E37B93096F35F9D /* GHAccountParserTests.swift in Sources */,
				FD9EED614EBB3812EE2E7EAB /* Placeholder.swift in Sources */,
			);
			runOnlyForDeploymentPostprocessing = 0;
		};
		C624A3572B27FD6615A9A7BE /* Sources */ = {
			isa = PBXSourcesBuildPhase;
			buildActionMask = 2147483647;
			files = (
				5E476E353B404886EA404055 /* ContentView.swift in Sources */,
				C1207DE32DE6869A6F0BBC12 /* GHAccount.swift in Sources */,
				8FEF806E45C17293AC8217F4 /* GHCLIService.swift in Sources */,
				23D836E34439CC0B0E10C4F5 /* GitSwitcherApp.swift in Sources */,
			);
			runOnlyForDeploymentPostprocessing = 0;
		};
/* End PBXSourcesBuildPhase section */

/* Begin PBXTargetDependency section */
		098F1B4615BDC526146BF7F0 /* PBXTargetDependency */ = {
			isa = PBXTargetDependency;
			target = 1F1A4E03E823409F05B99B53 /* GitSwitcher */;
			targetProxy = BAE97BF02692BFEA255CB10B /* PBXContainerItemProxy */;
		};
/* End PBXTargetDependency section */

/* Begin XCBuildConfiguration section */
		0FE6E208B3EBA7E411AC3DB1 /* Debug */ = {
			isa = XCBuildConfiguration;
			buildSettings = {
				ASSETCATALOG_COMPILER_APPICON_NAME = AppIcon;
				CODE_SIGNING_REQUIRED = NO;
				CODE_SIGN_ENTITLEMENTS = GitSwitcher/App/GitSwitcher.entitlements;
				CODE_SIGN_IDENTITY = "";
				COMBINE_HIDPI_IMAGES = YES;
				INFOPLIST_FILE = GitSwitcher/App/Info.plist;
				LD_RUNPATH_SEARCH_PATHS = (
					"$(inherited)",
					"@executable_path/../Frameworks",
				);
				PRODUCT_BUNDLE_IDENTIFIER = com.gitswitch.GitSwitcher;
				SDKROOT = macosx;
			};
			name = Debug;
		};
		12059539349F5770C8250AA1 /* Release */ = {
			isa = XCBuildConfiguration;
			buildSettings = {
				BUNDLE_LOADER = "$(TEST_HOST)";
				CODE_SIGNING_REQUIRED = NO;
				CODE_SIGN_IDENTITY = "";
				COMBINE_HIDPI_IMAGES = YES;
				GENERATE_INFOPLIST_FILE = YES;
				LD_RUNPATH_SEARCH_PATHS = (
					"$(inherited)",
					"@executable_path/../Frameworks",
					"@loader_path/../Frameworks",
				);
				PRODUCT_BUNDLE_IDENTIFIER = com.gitswitch.GitSwitcherTests;
				SDKROOT = macosx;
				TEST_HOST = "$(BUILT_PRODUCTS_DIR)/GitSwitcher.app/Contents/MacOS/GitSwitcher";
			};
			name = Release;
		};
		18762F4388F8ADBCEEFBEC66 /* Release */ = {
			isa = XCBuildConfiguration;
			buildSettings = {
				ASSETCATALOG_COMPILER_APPICON_NAME = AppIcon;
				CODE_SIGNING_REQUIRED = NO;
				CODE_SIGN_ENTITLEMENTS = GitSwitcher/App/GitSwitcher.entitlements;
				CODE_SIGN_IDENTITY = "";
				COMBINE_HIDPI_IMAGES = YES;
				INFOPLIST_FILE = GitSwitcher/App/Info.plist;
				LD_RUNPATH_SEARCH_PATHS = (
					"$(inherited)",
					"@executable_path/../Frameworks",
				);
				PRODUCT_BUNDLE_IDENTIFIER = com.gitswitch.GitSwitcher;
				SDKROOT = macosx;
			};
			name = Release;
		};
		401E7C8BACFC5808CD0C76AB /* Release */ = {
			isa = XCBuildConfiguration;
			buildSettings = {
				ALWAYS_SEARCH_USER_PATHS = NO;
				CLANG_ANALYZER_NONNULL = YES;
				CLANG_ANALYZER_NUMBER_OBJECT_CONVERSION = YES_AGGRESSIVE;
				CLANG_CXX_LANGUAGE_STANDARD = "gnu++14";
				CLANG_CXX_LIBRARY = "libc++";
				CLANG_ENABLE_MODULES = YES;
				CLANG_ENABLE_OBJC_ARC = YES;
				CLANG_ENABLE_OBJC_WEAK = YES;
				CLANG_WARN_BLOCK_CAPTURE_AUTORELEASING = YES;
				CLANG_WARN_BOOL_CONVERSION = YES;
				CLANG_WARN_COMMA = YES;
				CLANG_WARN_CONSTANT_CONVERSION = YES;
				CLANG_WARN_DEPRECATED_OBJC_IMPLEMENTATIONS = YES;
				CLANG_WARN_DIRECT_OBJC_ISA_USAGE = YES_ERROR;
				CLANG_WARN_DOCUMENTATION_COMMENTS = YES;
				CLANG_WARN_EMPTY_BODY = YES;
				CLANG_WARN_ENUM_CONVERSION = YES;
				CLANG_WARN_INFINITE_RECURSION = YES;
				CLANG_WARN_INT_CONVERSION = YES;
				CLANG_WARN_NON_LITERAL_NULL_CONVERSION = YES;
				CLANG_WARN_OBJC_IMPLICIT_RETAIN_SELF = YES;
				CLANG_WARN_OBJC_LITERAL_CONVERSION = YES;
				CLANG_WARN_OBJC_ROOT_CLASS = YES_ERROR;
				CLANG_WARN_QUOTED_INCLUDE_IN_FRAMEWORK_HEADER = YES;
				CLANG_WARN_RANGE_LOOP_ANALYSIS = YES;
				CLANG_WARN_STRICT_PROTOTYPES = YES;
				CLANG_WARN_SUSPICIOUS_MOVE = YES;
				CLANG_WARN_UNGUARDED_AVAILABILITY = YES_AGGRESSIVE;
				CLANG_WARN_UNREACHABLE_CODE = YES;
				CLANG_WARN__DUPLICATE_METHOD_MATCH = YES;
				COPY_PHASE_STRIP = NO;
				DEBUG_INFORMATION_FORMAT = "dwarf-with-dsym";
				ENABLE_NS_ASSERTIONS = NO;
				ENABLE_STRICT_OBJC_MSGSEND = YES;
				GCC_C_LANGUAGE_STANDARD = gnu11;
				GCC_NO_COMMON_BLOCKS = YES;
				GCC_WARN_64_TO_32_BIT_CONVERSION = YES;
				GCC_WARN_ABOUT_RETURN_TYPE = YES_ERROR;
				GCC_WARN_UNDECLARED_SELECTOR = YES;
				GCC_WARN_UNINITIALIZED_AUTOS = YES_AGGRESSIVE;
				GCC_WARN_UNUSED_FUNCTION = YES;
				GCC_WARN_UNUSED_VARIABLE = YES;
				MACOSX_DEPLOYMENT_TARGET = 13.0;
				MTL_ENABLE_DEBUG_INFO = NO;
				MTL_FAST_MATH = YES;
				PRODUCT_NAME = "$(TARGET_NAME)";
				SDKROOT = macosx;
				SWIFT_COMPILATION_MODE = wholemodule;
				SWIFT_OPTIMIZATION_LEVEL = "-O";
				SWIFT_VERSION = 5.9;
			};
			name = Release;
		};
		89B988A0090C089356D1C18D /* Debug */ = {
			isa = XCBuildConfiguration;
			buildSettings = {
				ALWAYS_SEARCH_USER_PATHS = NO;
				CLANG_ANALYZER_NONNULL = YES;
				CLANG_ANALYZER_NUMBER_OBJECT_CONVERSION = YES_AGGRESSIVE;
				CLANG_CXX_LANGUAGE_STANDARD = "gnu++14";
				CLANG_CXX_LIBRARY = "libc++";
				CLANG_ENABLE_MODULES = YES;
				CLANG_ENABLE_OBJC_ARC = YES;
				CLANG_ENABLE_OBJC_WEAK = YES;
				CLANG_WARN_BLOCK_CAPTURE_AUTORELEASING = YES;
				CLANG_WARN_BOOL_CONVERSION = YES;
				CLANG_WARN_COMMA = YES;
				CLANG_WARN_CONSTANT_CONVERSION = YES;
				CLANG_WARN_DEPRECATED_OBJC_IMPLEMENTATIONS = YES;
				CLANG_WARN_DIRECT_OBJC_ISA_USAGE = YES_ERROR;
				CLANG_WARN_DOCUMENTATION_COMMENTS = YES;
				CLANG_WARN_EMPTY_BODY = YES;
				CLANG_WARN_ENUM_CONVERSION = YES;
				CLANG_WARN_INFINITE_RECURSION = YES;
				CLANG_WARN_INT_CONVERSION = YES;
				CLANG_WARN_NON_LITERAL_NULL_CONVERSION = YES;
				CLANG_WARN_OBJC_IMPLICIT_RETAIN_SELF = YES;
				CLANG_WARN_OBJC_LITERAL_CONVERSION = YES;
				CLANG_WARN_OBJC_ROOT_CLASS = YES_ERROR;
				CLANG_WARN_QUOTED_INCLUDE_IN_FRAMEWORK_HEADER = YES;
				CLANG_WARN_RANGE_LOOP_ANALYSIS = YES;
				CLANG_WARN_STRICT_PROTOTYPES = YES;
				CLANG_WARN_SUSPICIOUS_MOVE = YES;
				CLANG_WARN_UNGUARDED_AVAILABILITY = YES_AGGRESSIVE;
				CLANG_WARN_UNREACHABLE_CODE = YES;
				CLANG_WARN__DUPLICATE_METHOD_MATCH = YES;
				COPY_PHASE_STRIP = NO;
				DEBUG_INFORMATION_FORMAT = dwarf;
				ENABLE_STRICT_OBJC_MSGSEND = YES;
				ENABLE_TESTABILITY = YES;
				GCC_C_LANGUAGE_STANDARD = gnu11;
				GCC_DYNAMIC_NO_PIC = NO;
				GCC_NO_COMMON_BLOCKS = YES;
				GCC_OPTIMIZATION_LEVEL = 0;
				GCC_PREPROCESSOR_DEFINITIONS = (
					"$(inherited)",
					"DEBUG=1",
				);
				GCC_WARN_64_TO_32_BIT_CONVERSION = YES;
				GCC_WARN_ABOUT_RETURN_TYPE = YES_ERROR;
				GCC_WARN_UNDECLARED_SELECTOR = YES;
				GCC_WARN_UNINITIALIZED_AUTOS = YES_AGGRESSIVE;
				GCC_WARN_UNUSED_FUNCTION = YES;
				GCC_WARN_UNUSED_VARIABLE = YES;
				MACOSX_DEPLOYMENT_TARGET = 13.0;
				MTL_ENABLE_DEBUG_INFO = INCLUDE_SOURCE;
				MTL_FAST_MATH = YES;
				ONLY_ACTIVE_ARCH = YES;
				PRODUCT_NAME = "$(TARGET_NAME)";
				SDKROOT = macosx;
				SWIFT_ACTIVE_COMPILATION_CONDITIONS = DEBUG;
				SWIFT_OPTIMIZATION_LEVEL = "-Onone";
				SWIFT_VERSION = 5.9;
			};
			name = Debug;
		};
		BF526806B404ED80B3FD39E1 /* Debug */ = {
			isa = XCBuildConfiguration;
			buildSettings = {
				BUNDLE_LOADER = "$(TEST_HOST)";
				CODE_SIGNING_REQUIRED = NO;
				CODE_SIGN_IDENTITY = "";
				COMBINE_HIDPI_IMAGES = YES;
				GENERATE_INFOPLIST_FILE = YES;
				LD_RUNPATH_SEARCH_PATHS = (
					"$(inherited)",
					"@executable_path/../Frameworks",
					"@loader_path/../Frameworks",
				);
				PRODUCT_BUNDLE_IDENTIFIER = com.gitswitch.GitSwitcherTests;
				SDKROOT = macosx;
				TEST_HOST = "$(BUILT_PRODUCTS_DIR)/GitSwitcher.app/Contents/MacOS/GitSwitcher";
			};
			name = Debug;
		};
/* End XCBuildConfiguration section */

/* Begin XCConfigurationList section */
		49DA50D2E0E5A2E4CA612294 /* Build configuration list for PBXProject "GitSwitcher" */ = {
			isa = XCConfigurationList;
			buildConfigurations = (
				89B988A0090C089356D1C18D /* Debug */,
				401E7C8BACFC5808CD0C76AB /* Release */,
			);
			defaultConfigurationIsVisible = 0;
			defaultConfigurationName = Debug;
		};
		B13D356CC5A99E09A0B03AF9 /* Build configuration list for PBXNativeTarget "GitSwitcherTests" */ = {
			isa = XCConfigurationList;
			buildConfigurations = (
				BF526806B404ED80B3FD39E1 /* Debug */,
				12059539349F5770C8250AA1 /* Release */,
			);
			defaultConfigurationIsVisible = 0;
			defaultConfigurationName = Debug;
		};
		CC37D8DD480519345CB2D7BF /* Build configuration list for PBXNativeTarget "GitSwitcher" */ = {
			isa = XCConfigurationList;
			buildConfigurations = (
				0FE6E208B3EBA7E411AC3DB1 /* Debug */,
				18762F4388F8ADBCEEFBEC66 /* Release */,
			);
			defaultConfigurationIsVisible = 0;
			defaultConfigurationName = Debug;
		};
/* End XCConfigurationList section */
	};
	rootObject = 25C82301D352E2B68ECD9775 /* Project object */;
}
